
Microsoft Visual Studio Solution File, Format Version 12.00
# Visual Studio Version 16
VisualStudioVersion = 16.0.32510.428
MinimumVisualStudioVersion = 10.0.40219.1
Project("{FAE04EC0-301F-11D3-BF4B-00C04F79EFBC}") = "OfferProject", "OfferProject\OfferProject.csproj", "{F4D1A833-4557-431B-B4CC-8EE7BBCDAF60}"
EndProject
Global
	GlobalSection(SolutionConfigurationPlatforms) = preSolution
		Debug|Any CPU = Debug|Any CPU
		Release|Any CPU = Release|Any CPU
	EndGlobalSection
	GlobalSection(ProjectConfigurationPlatforms) = postSolution
		{F4D1A833-4557-431B-B4CC-8EE7BBCDAF60}.Debug|Any CPU.ActiveCfg = Debug|Any CPU
		{F4D1A833-4557-431B-B4CC-8EE7BBCDAF60}.Debug|Any CPU.Build.0 = Debug|Any CPU
		{F4D1A833-4557-431B-B4CC-8EE7BBCDAF60}.Release|Any CPU.ActiveCfg = Release|Any CPU
		{F4D1A833-4557-431B-B4CC-8EE7BBCDAF60}.Release|Any CPU.Build.0 = Release|Any CPU
	EndGlobalSection
	GlobalSection(SolutionProperties) = preSolution
		HideSolutionNode = FALSE
	EndGlobalSection
	GlobalSection(ExtensibilityGlobals) = postSolution
		SolutionGuid = {A02FAF26-1F0C-45E2-B237-B64AFD4A2C90}
	EndGlobalSection
EndGlobal
